// !$*UTF8*$!
{
	archiveVersion = 1;
	classes = {
	};
	objectVersion = 55;
	objects = {

/* Begin PBXBuildFile section */
		57A616C328F2E97B001423E8 /* SocksterApp.swift in Sources */ = {isa = PBXBuildFile; fileRef = 57A616C228F2E97B001423E8 /* SocksterApp.swift */; };
		57A616C528F2E97B001423E8 /* ContentView.swift in Sources */ = {isa = PBXBuildFile; fileRef = 57A616C428F2E97B001423E8 /* ContentView.swift */; };
		57A616C728F2E97C001423E8 /* Assets.xcassets in Resources */ = {isa = PBXBuildFile; fileRef = 57A616C628F2E97C001423E8 /* Assets.xcassets */; };
		57A616CC28F2E97C001423E8 /* Persistence.swift in Sources */ = {isa = PBXBuildFile; fileRef = 57A616CB28F2E97C001423E8 /* Persistence.swift */; };
		57A616CF28F2E97C001423E8 /* Sockster.xcdatamodeld in Sources */ = {isa = PBXBuildFile; fileRef = 57A616CD28F2E97C001423E8 /* Sockster.xcdatamodeld */; };
		57A616D728F2EC0A001423E8 /* ServerView.swift in Sources */ = {isa = PBXBuildFile; fileRef = 57A616D628F2EC0A001423E8 /* ServerView.swift */; };
		57A616DA28F2F7C5001423E8 /* SocketIO in Frameworks */ = {isa = PBXBuildFile; productRef = 57A616D928F2F7C5001423E8 /* SocketIO */; };
		57A616DC28F2F7F1001423E8 /* Socket.swift in Sources */ = {isa = PBXBuildFile; fileRef = 57A616DB28F2F7F1001423E8 /* Socket.swift */; };
/* End PBXBuildFile section */

/* Begin PBXFileReference section */
		57A616BF28F2E97B001423E8 /* Sockster.app */ = {isa = PBXFileReference; explicitFileType = wrapper.application; includeInIndex = 0; path = Sockster.app; sourceTree = BUILT_PRODUCTS_DIR; };
		57A616C228F2E97B001423E8 /* SocksterApp.swift */ = {isa = PBXFileReference; lastKnownFileType = sourcecode.swift; path = SocksterApp.swift; sourceTree = "<group>"; };
		57A616C428F2E97B001423E8 /* ContentView.swift */ = {isa = PBXFileReference; lastKnownFileType = sourcecode.swift; path = ContentView.swift; sourceTree = "<group>"; };
		57A616C628F2E97C001423E8 /* Assets.xcassets */ = {isa = PBXFileReference; lastKnownFileType = folder.assetcatalog; path = Assets.xcassets; sourceTree = "<group>"; };
		57A616CB28F2E97C001423E8 /* Persistence.swift */ = {isa = PBXFileReference; lastKnownFileType = sourcecode.swift; path = Persistence.swift; sourceTree = "<group>"; };
		57A616CE28F2E97C001423E8 /* Sockster.xcdatamodel */ = {isa = PBXFileReference; lastKnownFileType = wrapper.xcdatamodel; path = Sockster.xcdatamodel; sourceTree = "<group>"; };
		57A616D028F2E97C001423E8 /* Sockster.entitlements */ = {isa = PBXFileReference; lastKnownFileType = text.plist.entitlements; path = Sockster.entitlements; sourceTree = "<group>"; };
		57A616D628F2EC0A001423E8 /* ServerView.swift */ = {isa = PBXFileReference; lastKnownFileType = sourcecode.swift; path = ServerView.swift; sourceTree = "<group>"; };
		57A616DB28F2F7F1001423E8 /* Socket.swift */ = {isa = PBXFileReference; lastKnownFileType = sourcecode.swift; path = Socket.swift; sourceTree = "<group>"; };
		57A616DD28F2FBDA001423E8 /* Info.plist */ = {isa = PBXFileReference; lastKnownFileType = text.plist; path = Info.plist; sourceTree = "<group>"; };
/* End PBXFileReference section */

/* Begin PBXFrameworksBuildPhase section */
		57A616BC28F2E97B001423E8 /* Frameworks */ = {
			isa = PBXFrameworksBuildPhase;
			buildActionMask = 2147483647;
			files = (
				57A616DA28F2F7C5001423E8 /* SocketIO in Frameworks */,
			);
			runOnlyForDeploymentPostprocessing = 0;
		};
/* End PBXFrameworksBuildPhase section */

/* Begin PBXGroup section */
		57A616B628F2E97B001423E8 = {
			isa = PBXGroup;
			children = (
				57A616C128F2E97B001423E8 /* Sockster */,
				57A616C028F2E97B001423E8 /* Products */,
			);
			sourceTree = "<group>";
		};
		57A616C028F2E97B001423E8 /* Products */ = {
			isa = PBXGroup;
			children = (
				57A616BF28F2E97B001423E8 /* Sockster.app */,
			);
			name = Products;
			sourceTree = "<group>";
		};
		57A616C128F2E97B001423E8 /* Sockster */ = {
			isa = PBXGroup;
			children = (
				57A616DD28F2FBDA001423E8 /* Info.plist */,
				57A616C228F2E97B001423E8 /* SocksterApp.swift */,
				57A616C428F2E97B001423E8 /* ContentView.swift */,
				57A616D628F2EC0A001423E8 /* ServerView.swift */,
				57A616C628F2E97C001423E8 /* Assets.xcassets */,
				57A616CB28F2E97C001423E8 /* Persistence.swift */,
				57A616D028F2E97C001423E8 /* Sockster.entitlements */,
				57A616CD28F2E97C001423E8 /* Sockster.xcdatamodeld */,
				57A616DB28F2F7F1001423E8 /* Socket.swift */,
			);
			path = Sockster;
			sourceTree = "<group>";
		};
/* End PBXGroup section */

/* Begin PBXNativeTarget section */
		57A616BE28F2E97B001423E8 /* Sockster */ = {
			isa = PBXNativeTarget;
			buildConfigurationList = 57A616D328F2E97C001423E8 /* Build configuration list for PBXNativeTarget "Sockster" */;
			buildPhases = (
				57A616BB28F2E97B001423E8 /* Sources */,
				57A616BC28F2E97B001423E8 /* Frameworks */,
				57A616BD28F2E97B001423E8 /* Resources */,
			);
			buildRules = (
			);
			dependencies = (
			);
			name = Sockster;
			packageProductDependencies = (
				57A616D928F2F7C5001423E8 /* SocketIO */,
			);
			productName = Sockster;
			productReference = 57A616BF28F2E97B001423E8 /* Sockster.app */;
			productType = "com.apple.product-type.application";
		};
/* End PBXNativeTarget section */

/* Begin PBXProject section */
		57A616B728F2E97B001423E8 /* Project object */ = {
			isa = PBXProject;
			attributes = {
				BuildIndependentTargetsInParallel = 1;
				LastSwiftUpdateCheck = 1340;
				LastUpgradeCheck = 1340;
				TargetAttributes = {
					57A616BE28F2E97B001423E8 = {
						CreatedOnToolsVersion = 13.4.1;
					};
				};
			};
			buildConfigurationList = 57A616BA28F2E97B001423E8 /* Build configuration list for PBXProject "Sockster" */;
			compatibilityVersion = "Xcode 13.0";
			developmentRegion = en;
			hasScannedForEncodings = 0;
			knownRegions = (
				en,
				Base,
			);
			mainGroup = 57A616B628F2E97B001423E8;
			packageReferences = (
				57A616D828F2F7C5001423E8 /* XCRemoteSwiftPackageReference "socket" */,
			);
			productRefGroup = 57A616C028F2E97B001423E8 /* Products */;
			projectDirPath = "";
			projectRoot = "";
			targets = (
				57A616BE28F2E97B001423E8 /* Sockster */,
			);
		};
/* End PBXProject section */

/* Begin PBXResourcesBuildPhase section */
		57A616BD28F2E97B001423E8 /* Resources */ = {
			isa = PBXResourcesBuildPhase;
			buildActionMask = 2147483647;
			files = (
				57A616C728F2E97C001423E8 /* Assets.xcassets in Resources */,
			);
			runOnlyForDeploymentPostprocessing = 0;
		};
/* End PBXResourcesBuildPhase section */

/* Begin PBXSourcesBuildPhase section */
		57A616BB28F2E97B001423E8 /* Sources */ = {
			isa = PBXSourcesBuildPhase;
			buildActionMask = 2147483647;
			files = (
				57A616CC28F2E97C001423E8 /* Persistence.swift in Sources */,
				57A616C528F2E97B001423E8 /* ContentView.swift in Sources */,
				57A616DC28F2F7F1001423E8 /* Socket.swift in Sources */,
				57A616D728F2EC0A001423E8 /* ServerView.swift in Sources */,
				57A616C328F2E97B001423E8 /* SocksterApp.swift in Sources */,
				57A616CF28F2E97C001423E8 /* Sockster.xcdatamodeld in Sources */,
			);
			runOnlyForDeploymentPostprocessing = 0;
		};
/* End PBXSourcesBuildPhase section */

/* Begin XCBuildConfiguration section */
		57A616D128F2E97C001423E8 /* Debug */ = {
			isa = XCBuildConfiguration;
			buildSettings = {
				ALWAYS_SEARCH_USER_PATHS = NO;
				CLANG_ANALYZER_NONNULL = YES;
				CLANG_ANALYZER_NUMBER_OBJECT_CONVERSION = YES_AGGRESSIVE;
				CLANG_CXX_LANGUAGE_STANDARD = "gnu++17";
				CLANG_ENABLE_MODULES = YES;
				CLANG_ENABLE_OBJC_ARC = YES;
				CLANG_ENABLE_OBJC_WEAK = YES;
				CLANG_WARN_BLOCK_CAPTURE_AUTORELEASING = YES;
				CLANG_WARN_BOOL_CONVERSION = YES;
				CLANG_WARN_COMMA = YES;
				CLANG_WARN_CONSTANT_CONVERSION = YES;
				CLANG_WARN_DEPRECATED_OBJC_IMPLEMENTATIONS = YES;
				CLANG_WARN_DIRECT_OBJC_ISA_USAGE = YES_ERROR;
				CLANG_WARN_DOCUMENTATION_COMMENTS = YES;
				CLANG_WARN_EMPTY_BODY = YES;
				CLANG_WARN_ENUM_CONVERSION = YES;
				CLANG_WARN_INFINITE_RECURSION = YES;
				CLANG_WARN_INT_CONVERSION = YES;
				CLANG_WARN_NON_LITERAL_NULL_CONVERSION = YES;
				CLANG_WARN_OBJC_IMPLICIT_RETAIN_SELF = YES;
				CLANG_WARN_OBJC_LITERAL_CONVERSION = YES;
				CLANG_WARN_OBJC_ROOT_CLASS = YES_ERROR;
				CLANG_WARN_QUOTED_INCLUDE_IN_FRAMEWORK_HEADER = YES;
				CLANG_WARN_RANGE_LOOP_ANALYSIS = YES;
				CLANG_WARN_STRICT_PROTOTYPES = YES;
				CLANG_WARN_SUSPICIOUS_MOVE = YES;
				CLANG_WARN_UNGUARDED_AVAILABILITY = YES_AGGRESSIVE;
				CLANG_WARN_UNREACHABLE_CODE = YES;
				CLANG_WARN__DUPLICATE_METHOD_MATCH = YES;
				COPY_PHASE_STRIP = NO;
				DEBUG_INFORMATION_FORMAT = dwarf;
				ENABLE_STRICT_OBJC_MSGSEND = YES;
				ENABLE_TESTABILITY = YES;
				GCC_C_LANGUAGE_STANDARD = gnu11;
				GCC_DYNAMIC_NO_PIC = NO;
				GCC_NO_COMMON_BLOCKS = YES;
				GCC_OPTIMIZATION_LEVEL = 0;
				GCC_PREPROCESSOR_DEFINITIONS = (
					"DEBUG=1",
					"$(inherited)",
				);
				GCC_WARN_64_TO_32_BIT_CONVERSION = YES;
				GCC_WARN_ABOUT_RETURN_TYPE = YES_ERROR;
				GCC_WARN_UNDECLARED_SELECTOR = YES;
				GCC_WARN_UNINITIALIZED_AUTOS = YES_AGGRESSIVE;
				GCC_WARN_UNUSED_FUNCTION = YES;
				GCC_WARN_UNUSED_VARIABLE = YES;
				MACOSX_DEPLOYMENT_TARGET = 12.3;
				MTL_ENABLE_DEBUG_INFO = INCLUDE_SOURCE;
				MTL_FAST_MATH = YES;
				ONLY_ACTIVE_ARCH = YES;
				SDKROOT = macosx;
				SWIFT_ACTIVE_COMPILATION_CONDITIONS = DEBUG;
				SWIFT_OPTIMIZATION_LEVEL = "-Onone";
			};
			name = Debug;
		};
		57A616D228F2E97C001423E8 /* Release */ = {
			isa = XCBuildConfiguration;
			buildSettings = {
				ALWAYS_SEARCH_USER_PATHS = NO;
				CLANG_ANALYZER_NONNULL = YES;
				CLANG_ANALYZER_NUMBER_OBJECT_CONVERSION = YES_AGGRESSIVE;
				CLANG_CXX_LANGUAGE_STANDARD = "gnu++17";
				CLANG_ENABLE_MODULES = YES;
				CLANG_ENABLE_OBJC_ARC = YES;
				CLANG_ENABLE_OBJC_WEAK = YES;
				CLANG_WARN_BLOCK_CAPTURE_AUTORELEASING = YES;
				CLANG_WARN_BOOL_CONVERSION = YES;
				CLANG_WARN_COMMA = YES;
				CLANG_WARN_CONSTANT_CONVERSION = YES;
				CLANG_WARN_DEPRECATED_OBJC_IMPLEMENTATIONS = YES;
				CLANG_WARN_DIRECT_OBJC_ISA_USAGE = YES_ERROR;
				CLANG_WARN_DOCUMENTATION_COMMENTS = YES;
				CLANG_WARN_EMPTY_BODY = YES;
				CLANG_WARN_ENUM_CONVERSION = YES;
				CLANG_WARN_INFINITE_RECURSION = YES;
				CLANG_WARN_INT_CONVERSION = YES;
				CLANG_WARN_NON_LITERAL_NULL_CONVERSION = YES;
				CLANG_WARN_OBJC_IMPLICIT_RETAIN_SELF = YES;
				CLANG_WARN_OBJC_LITERAL_CONVERSION = YES;
				CLANG_WARN_OBJC_ROOT_CLASS = YES_ERROR;
				CLANG_WARN_QUOTED_INCLUDE_IN_FRAMEWORK_HEADER = YES;
				CLANG_WARN_RANGE_LOOP_ANALYSIS = YES;
				CLANG_WARN_STRICT_PROTOTYPES = YES;
				CLANG_WARN_SUSPICIOUS_MOVE = YES;
				CLANG_WARN_UNGUARDED_AVAILABILITY = YES_AGGRESSIVE;
				CLANG_WARN_UNREACHABLE_CODE = YES;
				CLANG_WARN__DUPLICATE_METHOD_MATCH = YES;
				COPY_PHASE_STRIP = NO;
				DEBUG_INFORMATION_FORMAT = "dwarf-with-dsym";
				ENABLE_NS_ASSERTIONS = NO;
				ENABLE_STRICT_OBJC_MSGSEND = YES;
				GCC_C_LANGUAGE_STANDARD = gnu11;
				GCC_NO_COMMON_BLOCKS = YES;
				GCC_WARN_64_TO_32_BIT_CONVERSION = YES;
				GCC_WARN_ABOUT_RETURN_TYPE = YES_ERROR;
				GCC_WARN_UNDECLARED_SELECTOR = YES;
				GCC_WARN_UNINITIALIZED_AUTOS = YES_AGGRESSIVE;
				GCC_WARN_UNUSED_FUNCTION = YES;
				GCC_WARN_UNUSED_VARIABLE = YES;
				MACOSX_DEPLOYMENT_TARGET = 12.3;
				MTL_ENABLE_DEBUG_INFO = NO;
				MTL_FAST_MATH = YES;
				SDKROOT = macosx;
				SWIFT_COMPILATION_MODE = wholemodule;
				SWIFT_OPTIMIZATION_LEVEL = "-O";
			};
			name = Release;
		};
		57A616D428F2E97C001423E8 /* Debug */ = {
			isa = XCBuildConfiguration;
			buildSettings = {
				ASSETCATALOG_COMPILER_APPICON_NAME = AppIcon;
				ASSETCATALOG_COMPILER_GLOBAL_ACCENT_COLOR_NAME = AccentColor;
				CODE_SIGN_ENTITLEMENTS = Sockster/Sockster.entitlements;
				CODE_SIGN_IDENTITY = "-";
				CODE_SIGN_STYLE = Automatic;
				COMBINE_HIDPI_IMAGES = YES;
				CURRENT_PROJECT_VERSION = 1;
				DEVELOPMENT_ASSET_PATHS = "";
				DEVELOPMENT_TEAM = S2TFH25BWZ;
				ENABLE_HARDENED_RUNTIME = YES;
				ENABLE_PREVIEWS = YES;
				GENERATE_INFOPLIST_FILE = YES;
				INFOPLIST_FILE = Sockster/Info.plist;
				INFOPLIST_KEY_LSApplicationCategoryType = "public.app-category.utilities";
				INFOPLIST_KEY_NSHumanReadableCopyright = "";
				LD_RUNPATH_SEARCH_PATHS = (
					"$(inherited)",
					"@executable_path/../Frameworks",
				);
				MARKETING_VERSION = 1.0;
				PRODUCT_BUNDLE_IDENTIFIER = com.aleksai.Sockster;
				PRODUCT_NAME = "$(TARGET_NAME)";
				SWIFT_EMIT_LOC_STRINGS = YES;
				SWIFT_VERSION = 5.0;
			};
			name = Debug;
		};
		57A616D528F2E97C001423E8 /* Release */ = {
			isa = XCBuildConfiguration;
			buildSettings = {
				ASSETCATALOG_COMPILER_APPICON_NAME = AppIcon;
				ASSETCATALOG_COMPILER_GLOBAL_ACCENT_COLOR_NAME = AccentColor;
				CODE_SIGN_ENTITLEMENTS = Sockster/Sockster.entitlements;
				CODE_SIGN_IDENTITY = "-";
				CODE_SIGN_STYLE = Automatic;
				COMBINE_HIDPI_IMAGES = YES;
				CURRENT_PROJECT_VERSION = 1;
				DEVELOPMENT_ASSET_PATHS = "";
				DEVELOPMENT_TEAM = S2TFH25BWZ;
				ENABLE_HARDENED_RUNTIME = YES;
				ENABLE_PREVIEWS = YES;
				GENERATE_INFOPLIST_FILE = YES;
				INFOPLIST_FILE = Sockster/Info.plist;
				INFOPLIST_KEY_LSApplicationCategoryType = "public.app-category.utilities";
				INFOPLIST_KEY_NSHumanReadableCopyright = "";
				LD_RUNPATH_SEARCH_PATHS = (
					"$(inherited)",
					"@executable_path/../Frameworks",
				);
				MARKETING_VERSION = 1.0;
				PRODUCT_BUNDLE_IDENTIFIER = com.aleksai.Sockster;
				PRODUCT_NAME = "$(TARGET_NAME)";
				SWIFT_EMIT_LOC_STRINGS = YES;
				SWIFT_VERSION = 5.0;
			};
			name = Release;
		};
/* End XCBuildConfiguration section */

/* Begin XCConfigurationList section */
		57A616BA28F2E97B001423E8 /* Build configuration list for PBXProject "Sockster" */ = {
			isa = XCConfigurationList;
			buildConfigurations = (
				57A616D128F2E97C001423E8 /* Debug */,
				57A616D228F2E97C001423E8 /* Release */,
			);
			defaultConfigurationIsVisible = 0;
			defaultConfigurationName = Release;
		};
		57A616D328F2E97C001423E8 /* Build configuration list for PBXNativeTarget "Sockster" */ = {
			isa = XCConfigurationList;
			buildConfigurations = (
				57A616D428F2E97C001423E8 /* Debug */,
				57A616D528F2E97C001423E8 /* Release */,
			);
			defaultConfigurationIsVisible = 0;
			defaultConfigurationName = Release;
		};
/* End XCConfigurationList section */

/* Begin XCRemoteSwiftPackageReference section */
		57A616D828F2F7C5001423E8 /* XCRemoteSwiftPackageReference "socket" */ = {
			isa = XCRemoteSwiftPackageReference;
			repositoryURL = "https://github.com/socketio/socket.io-client-swift";
			requirement = {
				kind = upToNextMajorVersion;
				minimumVersion = 16.0.1;
			};
		};
/* End XCRemoteSwiftPackageReference section */

/* Begin XCSwiftPackageProductDependency section */
		57A616D928F2F7C5001423E8 /* SocketIO */ = {
			isa = XCSwiftPackageProductDependency;
			package = 57A616D828F2F7C5001423E8 /* XCRemoteSwiftPackageReference "socket" */;
			productName = SocketIO;
		};
/* End XCSwiftPackageProductDependency section */

/* Begin XCVersionGroup section */
		57A616CD28F2E97C001423E8 /* Sockster.xcdatamodeld */ = {
			isa = XCVersionGroup;
			children = (
				57A616CE28F2E97C001423E8 /* Sockster.xcdatamodel */,
			);
			currentVersion = 57A616CE28F2E97C001423E8 /* Sockster.xcdatamodel */;
			path = Sockster.xcdatamodeld;
			sourceTree = "<group>";
			versionGroupType = wrapper.xcdatamodel;
		};
/* End XCVersionGroup section */
	};
	rootObject = 57A616B728F2E97B001423E8 /* Project object */;
}
